
Microsoft Visual Studio Solution File, Format Version 12.00
# Visual Studio Version 17
VisualStudioVersion = 17.14.36811.4 d17.14
MinimumVisualStudioVersion = 10.0.40219.1
Project("{8BC9CEB8-8B4A-11D0-8D11-00A0C91BC942}") = "Shaarles", "Shaarles.vcxproj", "{35D16717-E13D-D8FF-1421-0E6F08A691D7}"
EndProject
Global
	GlobalSection(SolutionConfigurationPlatforms) = preSolution
		Debug|x64 = Debug|x64
		Release|x64 = Release|x64
	EndGlobalSection
	GlobalSection(ProjectConfigurationPlatforms) = postSolution
		{35D16717-E13D-D8FF-1421-0E6F08A691D7}.Debug|x64.ActiveCfg = Debug|x64
		{35D16717-E13D-D8FF-1421-0E6F08A691D7}.Debug|x64.Build.0 = Debug|x64
		{35D16717-E13D-D8FF-1421-0E6F08A691D7}.Release|x64.ActiveCfg = Release|x64
		{35D16717-E13D-D8FF-1421-0E6F08A691D7}.Release|x64.Build.0 = Release|x64
	EndGlobalSection
	GlobalSection(SolutionProperties) = preSolution
		HideSolutionNode = FALSE
	EndGlobalSection
	GlobalSection(ExtensibilityGlobals) = postSolution
		SolutionGuid = {4FCE1FD6-6477-4DA6-AB7C-E0D533C251A8}
	EndGlobalSection
EndGlobal
